// !$*UTF8*$!
{
	archiveVersion = 1;
	classes = {
	};
	objectVersion = 46;
	objects = {

/* Begin PBXBuildFile section */
		8A2423EB171A2248000B2AA3 /* DMMDerivedDataExterminator.m in Sources */ = {isa = PBXBuildFile; fileRef = 8A2423E8171A2248000B2AA3 /* DMMDerivedDataExterminator.m */; };
		8A862F581731CA35009E0FAB /* DMMDerivedDataHandler.m in Sources */ = {isa = PBXBuildFile; fileRef = 8A862F571731CA35009E0FAB /* DMMDerivedDataHandler.m */; };
		8AA43ECD19F7223D00AF8DEB /* icon.png in Resources */ = {isa = PBXBuildFile; fileRef = 8AA43ECA19F7223D00AF8DEB /* icon.png */; };
		8AA43ECE19F7223D00AF8DEB /* icon@2x.png in Resources */ = {isa = PBXBuildFile; fileRef = 8AA43ECB19F7223D00AF8DEB /* icon@2x.png */; };
		8AA43ECF19F7223D00AF8DEB /* icon@3x.png in Resources */ = {isa = PBXBuildFile; fileRef = 8AA43ECC19F7223D00AF8DEB /* icon@3x.png */; };
		8AC30E8619F71CF500A3B620 /* DMMButtonViewController.m in Sources */ = {isa = PBXBuildFile; fileRef = 8AC30E8519F71CF500A3B620 /* DMMButtonViewController.m */; };
		8AE15E23171A280000767645 /* AppKit.framework in Frameworks */ = {isa = PBXBuildFile; fileRef = 8A2423D8171A221E000B2AA3 /* AppKit.framework */; };
		8AE15E24171A281F00767645 /* Foundation.framework in Frameworks */ = {isa = PBXBuildFile; fileRef = 8A2423DA171A221E000B2AA3 /* Foundation.framework */; };
/* End PBXBuildFile section */

/* Begin PBXFileReference section */
		8A2423D2171A221E000B2AA3 /* DerivedData Exterminator.xcplugin */ = {isa = PBXFileReference; explicitFileType = wrapper.cfbundle; includeInIndex = 0; path = "DerivedData Exterminator.xcplugin"; sourceTree = BUILT_PRODUCTS_DIR; };
		8A2423D8171A221E000B2AA3 /* AppKit.framework */ = {isa = PBXFileReference; lastKnownFileType = wrapper.framework; name = AppKit.framework; path = System/Library/Frameworks/AppKit.framework; sourceTree = SDKROOT; };
		8A2423DA171A221E000B2AA3 /* Foundation.framework */ = {isa = PBXFileReference; lastKnownFileType = wrapper.framework; name = Foundation.framework; path = System/Library/Frameworks/Foundation.framework; sourceTree = SDKROOT; };
		8A2423DD171A221E000B2AA3 /* Info.plist */ = {isa = PBXFileReference; lastKnownFileType = text.plist.xml; path = Info.plist; sourceTree = "<group>"; };
		8A2423E7171A2248000B2AA3 /* DMMDerivedDataExterminator.h */ = {isa = PBXFileReference; fileEncoding = 4; lastKnownFileType = sourcecode.c.h; path = DMMDerivedDataExterminator.h; sourceTree = "<group>"; };
		8A2423E8171A2248000B2AA3 /* DMMDerivedDataExterminator.m */ = {isa = PBXFileReference; fileEncoding = 4; lastKnownFileType = sourcecode.c.objc; path = DMMDerivedDataExterminator.m; sourceTree = "<group>"; };
		8A862F561731CA35009E0FAB /* DMMDerivedDataHandler.h */ = {isa = PBXFileReference; fileEncoding = 4; lastKnownFileType = sourcecode.c.h; path = DMMDerivedDataHandler.h; sourceTree = "<group>"; };
		8A862F571731CA35009E0FAB /* DMMDerivedDataHandler.m */ = {isa = PBXFileReference; fileEncoding = 4; lastKnownFileType = sourcecode.c.objc; path = DMMDerivedDataHandler.m; sourceTree = "<group>"; };
		8AA43ECA19F7223D00AF8DEB /* icon.png */ = {isa = PBXFileReference; lastKnownFileType = image.png; path = icon.png; sourceTree = "<group>"; };
		8AA43ECB19F7223D00AF8DEB /* icon@2x.png */ = {isa = PBXFileReference; lastKnownFileType = image.png; path = "icon@2x.png"; sourceTree = "<group>"; };
		8AA43ECC19F7223D00AF8DEB /* icon@3x.png */ = {isa = PBXFileReference; lastKnownFileType = image.png; path = "icon@3x.png"; sourceTree = "<group>"; };
		8AC30E8419F71CF500A3B620 /* DMMButtonViewController.h */ = {isa = PBXFileReference; fileEncoding = 4; lastKnownFileType = sourcecode.c.h; path = DMMButtonViewController.h; sourceTree = "<group>"; };
		8AC30E8519F71CF500A3B620 /* DMMButtonViewController.m */ = {isa = PBXFileReference; fileEncoding = 4; lastKnownFileType = sourcecode.c.objc; path = DMMButtonViewController.m; sourceTree = "<group>"; };
/* End PBXFileReference section */

/* Begin PBXFrameworksBuildPhase section */
		8A2423CF171A221E000B2AA3 /* Frameworks */ = {
			isa = PBXFrameworksBuildPhase;
			buildActionMask = 2147483647;
			files = (
				8AE15E24171A281F00767645 /* Foundation.framework in Frameworks */,
				8AE15E23171A280000767645 /* AppKit.framework in Frameworks */,
			);
			runOnlyForDeploymentPostprocessing = 0;
		};
/* End PBXFrameworksBuildPhase section */

/* Begin PBXGroup section */
		8A2423C9171A221E000B2AA3 = {
			isa = PBXGroup;
			children = (
				8A2423DB171A221E000B2AA3 /* DerivedData Exterminator */,
				8A2423D4171A221E000B2AA3 /* Frameworks */,
				8A2423D3171A221E000B2AA3 /* Products */,
			);
			sourceTree = "<group>";
		};
		8A2423D3171A221E000B2AA3 /* Products */ = {
			isa = PBXGroup;
			children = (
				8A2423D2171A221E000B2AA3 /* DerivedData Exterminator.xcplugin */,
			);
			name = Products;
			sourceTree = "<group>";
		};
		8A2423D4171A221E000B2AA3 /* Frameworks */ = {
			isa = PBXGroup;
			children = (
				8A2423D8171A221E000B2AA3 /* AppKit.framework */,
				8A2423DA171A221E000B2AA3 /* Foundation.framework */,
			);
			name = Frameworks;
			sourceTree = "<group>";
		};
		8A2423DB171A221E000B2AA3 /* DerivedData Exterminator */ = {
			isa = PBXGroup;
			children = (
				8AA43EC919F7222B00AF8DEB /* Assets */,
				8AC30E8419F71CF500A3B620 /* DMMButtonViewController.h */,
				8AC30E8519F71CF500A3B620 /* DMMButtonViewController.m */,
				8A2423E7171A2248000B2AA3 /* DMMDerivedDataExterminator.h */,
				8A2423E8171A2248000B2AA3 /* DMMDerivedDataExterminator.m */,
				8A862F561731CA35009E0FAB /* DMMDerivedDataHandler.h */,
				8A862F571731CA35009E0FAB /* DMMDerivedDataHandler.m */,
				8A2423DC171A221E000B2AA3 /* Supporting Files */,
			);
			path = "DerivedData Exterminator";
			sourceTree = "<group>";
		};
		8A2423DC171A221E000B2AA3 /* Supporting Files */ = {
			isa = PBXGroup;
			children = (
				8A2423DD171A221E000B2AA3 /* Info.plist */,
			);
			name = "Supporting Files";
			sourceTree = "<group>";
		};
		8AA43EC919F7222B00AF8DEB /* Assets */ = {
			isa = PBXGroup;
			children = (
				8AA43ECA19F7223D00AF8DEB /* icon.png */,
				8AA43ECB19F7223D00AF8DEB /* icon@2x.png */,
				8AA43ECC19F7223D00AF8DEB /* icon@3x.png */,
			);
			name = Assets;
			sourceTree = "<group>";
		};
/* End PBXGroup section */

/* Begin PBXNativeTarget section */
		8A2423D1171A221E000B2AA3 /* DerivedData Exterminator */ = {
			isa = PBXNativeTarget;
			buildConfigurationList = 8A2423E4171A221E000B2AA3 /* Build configuration list for PBXNativeTarget "DerivedData Exterminator" */;
			buildPhases = (
				8A2423CE171A221E000B2AA3 /* Sources */,
				8A2423CF171A221E000B2AA3 /* Frameworks */,
				8A2423D0171A221E000B2AA3 /* Resources */,
			);
			buildRules = (
			);
			dependencies = (
			);
			name = "DerivedData Exterminator";
			productName = "DerivedData Exterminator";
			productReference = 8A2423D2171A221E000B2AA3 /* DerivedData Exterminator.xcplugin */;
			productType = "com.apple.product-type.bundle";
		};
/* End PBXNativeTarget section */

/* Begin PBXProject section */
		8A2423CA171A221E000B2AA3 /* Project object */ = {
			isa = PBXProject;
			attributes = {
				LastUpgradeCheck = 0500;
				ORGANIZATIONNAME = "Delisa Mason";
			};
			buildConfigurationList = 8A2423CD171A221E000B2AA3 /* Build configuration list for PBXProject "DerivedData Exterminator" */;
			compatibilityVersion = "Xcode 3.2";
			developmentRegion = English;
			hasScannedForEncodings = 0;
			knownRegions = (
				en,
			);
			mainGroup = 8A2423C9171A221E000B2AA3;
			productRefGroup = 8A2423D3171A221E000B2AA3 /* Products */;
			projectDirPath = "";
			projectRoot = "";
			targets = (
				8A2423D1171A221E000B2AA3 /* DerivedData Exterminator */,
			);
		};
/* End PBXProject section */

/* Begin PBXResourcesBuildPhase section */
		8A2423D0171A221E000B2AA3 /* Resources */ = {
			isa = PBXResourcesBuildPhase;
			buildActionMask = 2147483647;
			files = (
				8AA43ECD19F7223D00AF8DEB /* icon.png in Resources */,
				8AA43ECE19F7223D00AF8DEB /* icon@2x.png in Resources */,
				8AA43ECF19F7223D00AF8DEB /* icon@3x.png in Resources */,
			);
			runOnlyForDeploymentPostprocessing = 0;
		};
/* End PBXResourcesBuildPhase section */

/* Begin PBXSourcesBuildPhase section */
		8A2423CE171A221E000B2AA3 /* Sources */ = {
			isa = PBXSourcesBuildPhase;
			buildActionMask = 2147483647;
			files = (
				8A2423EB171A2248000B2AA3 /* DMMDerivedDataExterminator.m in Sources */,
				8AC30E8619F71CF500A3B620 /* DMMButtonViewController.m in Sources */,
				8A862F581731CA35009E0FAB /* DMMDerivedDataHandler.m in Sources */,
			);
			runOnlyForDeploymentPostprocessing = 0;
		};
/* End PBXSourcesBuildPhase section */

/* Begin XCBuildConfiguration section */
		8A2423E2171A221E000B2AA3 /* Debug */ = {
			isa = XCBuildConfiguration;
			buildSettings = {
				ALWAYS_SEARCH_USER_PATHS = NO;
				CLANG_CXX_LANGUAGE_STANDARD = "gnu++0x";
				CLANG_CXX_LIBRARY = "libc++";
				CLANG_ENABLE_OBJC_ARC = YES;
				CLANG_WARN_CONSTANT_CONVERSION = YES;
				CLANG_WARN_EMPTY_BODY = YES;
				CLANG_WARN_ENUM_CONVERSION = YES;
				CLANG_WARN_INT_CONVERSION = YES;
				CLANG_WARN__DUPLICATE_METHOD_MATCH = YES;
				COPY_PHASE_STRIP = NO;
				GCC_C_LANGUAGE_STANDARD = gnu99;
				GCC_DYNAMIC_NO_PIC = NO;
				GCC_ENABLE_OBJC_EXCEPTIONS = YES;
				GCC_OPTIMIZATION_LEVEL = 0;
				GCC_PREPROCESSOR_DEFINITIONS = (
					"DEBUG=1",
					"$(inherited)",
				);
				GCC_SYMBOLS_PRIVATE_EXTERN = NO;
				GCC_WARN_64_TO_32_BIT_CONVERSION = YES;
				GCC_WARN_ABOUT_RETURN_TYPE = YES;
				GCC_WARN_UNINITIALIZED_AUTOS = YES;
				GCC_WARN_UNUSED_VARIABLE = YES;
				MACOSX_DEPLOYMENT_TARGET = 10.7;
				ONLY_ACTIVE_ARCH = YES;
				SDKROOT = macosx;
			};
			name = Debug;
		};
		8A2423E3171A221E000B2AA3 /* Release */ = {
			isa = XCBuildConfiguration;
			buildSettings = {
				ALWAYS_SEARCH_USER_PATHS = NO;
				CLANG_CXX_LANGUAGE_STANDARD = "gnu++0x";
				CLANG_CXX_LIBRARY = "libc++";
				CLANG_ENABLE_OBJC_ARC = YES;
				CLANG_WARN_CONSTANT_CONVERSION = YES;
				CLANG_WARN_EMPTY_BODY = YES;
				CLANG_WARN_ENUM_CONVERSION = YES;
				CLANG_WARN_INT_CONVERSION = YES;
				CLANG_WARN__DUPLICATE_METHOD_MATCH = YES;
				COPY_PHASE_STRIP = YES;
				DEBUG_INFORMATION_FORMAT = "dwarf-with-dsym";
				GCC_C_LANGUAGE_STANDARD = gnu99;
				GCC_ENABLE_OBJC_EXCEPTIONS = YES;
				GCC_WARN_64_TO_32_BIT_CONVERSION = YES;
				GCC_WARN_ABOUT_RETURN_TYPE = YES;
				GCC_WARN_UNINITIALIZED_AUTOS = YES;
				GCC_WARN_UNUSED_VARIABLE = YES;
				MACOSX_DEPLOYMENT_TARGET = 10.7;
				SDKROOT = macosx;
			};
			name = Release;
		};
		8A2423E5171A221E000B2AA3 /* Debug */ = {
			isa = XCBuildConfiguration;
			buildSettings = {
				CLANG_ENABLE_OBJC_ARC = YES;
				COMBINE_HIDPI_IMAGES = YES;
				DEPLOYMENT_LOCATION = YES;
				DSTROOT = "$(HOME)";
				INFOPLIST_FILE = "DerivedData Exterminator/Info.plist";
				INSTALL_PATH = "/Library/Application Support/Developer/Shared/Xcode/Plug-ins";
				PRODUCT_NAME = "$(TARGET_NAME)";
				WRAPPER_EXTENSION = xcplugin;
			};
			name = Debug;
		};
		8A2423E6171A221E000B2AA3 /* Release */ = {
			isa = XCBuildConfiguration;
			buildSettings = {
				CLANG_ENABLE_OBJC_ARC = YES;
				COMBINE_HIDPI_IMAGES = YES;
				DEPLOYMENT_LOCATION = YES;
				DSTROOT = "$(HOME)";
				INFOPLIST_FILE = "DerivedData Exterminator/Info.plist";
				INSTALL_PATH = "/Library/Application Support/Developer/Shared/Xcode/Plug-ins";
				PRODUCT_NAME = "$(TARGET_NAME)";
				WRAPPER_EXTENSION = xcplugin;
			};
			name = Release;
		};
/* End XCBuildConfiguration section */

/* Begin XCConfigurationList section */
		8A2423CD171A221E000B2AA3 /* Build configuration list for PBXProject "DerivedData Exterminator" */ = {
			isa = XCConfigurationList;
			buildConfigurations = (
				8A2423E2171A221E000B2AA3 /* Debug */,
				8A2423E3171A221E000B2AA3 /* Release */,
			);
			defaultConfigurationIsVisible = 0;
			defaultConfigurationName = Release;
		};
		8A2423E4171A221E000B2AA3 /* Build configuration list for PBXNativeTarget "DerivedData Exterminator" */ = {
			isa = XCConfigurationList;
			buildConfigurations = (
				8A2423E5171A221E000B2AA3 /* Debug */,
				8A2423E6171A221E000B2AA3 /* Release */,
			);
			defaultConfigurationIsVisible = 0;
			defaultConfigurationName = Release;
		};
/* End XCConfigurationList section */
	};
	rootObject = 8A2423CA171A221E000B2AA3 /* Project object */;
}
