// !$*UTF8*$!
{
	archiveVersion = 1;
	classes = {
	};
	objectVersion = 46;
	objects = {

/* Begin PBXBuildFile section */
		AC16925519EC407A0099EAE4 /* getinfo.cpp in Sources */ = {isa = PBXBuildFile; fileRef = AC16925119EC407A0099EAE4 /* getinfo.cpp */; };
		AC16925619EC407A0099EAE4 /* studentRosterType.cpp in Sources */ = {isa = PBXBuildFile; fileRef = AC16925319EC407A0099EAE4 /* studentRosterType.cpp */; };
		AC16925919EC40F50099EAE4 /* main.cpp in Sources */ = {isa = PBXBuildFile; fileRef = AC16925819EC40F50099EAE4 /* main.cpp */; };
/* End PBXBuildFile section */

/* Begin PBXCopyFilesBuildPhase section */
		AC16924519EC402E0099EAE4 /* CopyFiles */ = {
			isa = PBXCopyFilesBuildPhase;
			buildActionMask = 2147483647;
			dstPath = /usr/share/man/man1/;
			dstSubfolderSpec = 0;
			files = (
			);
			runOnlyForDeploymentPostprocessing = 1;
		};
/* End PBXCopyFilesBuildPhase section */

/* Begin PBXFileReference section */
		AC16924719EC402E0099EAE4 /* exam */ = {isa = PBXFileReference; explicitFileType = "compiled.mach-o.executable"; includeInIndex = 0; path = exam; sourceTree = BUILT_PRODUCTS_DIR; };
		AC16925119EC407A0099EAE4 /* getinfo.cpp */ = {isa = PBXFileReference; fileEncoding = 4; lastKnownFileType = sourcecode.cpp.cpp; path = getinfo.cpp; sourceTree = "<group>"; };
		AC16925219EC407A0099EAE4 /* getinfo.h */ = {isa = PBXFileReference; fileEncoding = 4; lastKnownFileType = sourcecode.c.h; path = getinfo.h; sourceTree = "<group>"; };
		AC16925319EC407A0099EAE4 /* studentRosterType.cpp */ = {isa = PBXFileReference; fileEncoding = 4; lastKnownFileType = sourcecode.cpp.cpp; path = studentRosterType.cpp; sourceTree = "<group>"; };
		AC16925419EC407A0099EAE4 /* studentRosterType.h */ = {isa = PBXFileReference; fileEncoding = 4; lastKnownFileType = sourcecode.c.h; path = studentRosterType.h; sourceTree = "<group>"; };
		AC16925719EC40940099EAE4 /* studentData.txt */ = {isa = PBXFileReference; fileEncoding = 4; lastKnownFileType = text; path = studentData.txt; sourceTree = SOURCE_ROOT; };
		AC16925819EC40F50099EAE4 /* main.cpp */ = {isa = PBXFileReference; fileEncoding = 4; lastKnownFileType = sourcecode.cpp.cpp; path = main.cpp; sourceTree = "<group>"; };
/* End PBXFileReference section */

/* Begin PBXFrameworksBuildPhase section */
		AC16924419EC402E0099EAE4 /* Frameworks */ = {
			isa = PBXFrameworksBuildPhase;
			buildActionMask = 2147483647;
			files = (
			);
			runOnlyForDeploymentPostprocessing = 0;
		};
/* End PBXFrameworksBuildPhase section */

/* Begin PBXGroup section */
		AC16923E19EC402E0099EAE4 = {
			isa = PBXGroup;
			children = (
				AC16924919EC402E0099EAE4 /* exam */,
				AC16924819EC402E0099EAE4 /* Products */,
			);
			sourceTree = "<group>";
		};
		AC16924819EC402E0099EAE4 /* Products */ = {
			isa = PBXGroup;
			children = (
				AC16924719EC402E0099EAE4 /* exam */,
			);
			name = Products;
			sourceTree = "<group>";
		};
		AC16924919EC402E0099EAE4 /* exam */ = {
			isa = PBXGroup;
			children = (
				AC16925819EC40F50099EAE4 /* main.cpp */,
				AC16925119EC407A0099EAE4 /* getinfo.cpp */,
				AC16925219EC407A0099EAE4 /* getinfo.h */,
				AC16925319EC407A0099EAE4 /* studentRosterType.cpp */,
				AC16925419EC407A0099EAE4 /* studentRosterType.h */,
				AC16925719EC40940099EAE4 /* studentData.txt */,
			);
			path = exam;
			sourceTree = "<group>";
		};
/* End PBXGroup section */

/* Begin PBXNativeTarget section */
		AC16924619EC402E0099EAE4 /* exam */ = {
			isa = PBXNativeTarget;
			buildConfigurationList = AC16924E19EC402E0099EAE4 /* Build configuration list for PBXNativeTarget "exam" */;
			buildPhases = (
				AC16924319EC402E0099EAE4 /* Sources */,
				AC16924419EC402E0099EAE4 /* Frameworks */,
				AC16924519EC402E0099EAE4 /* CopyFiles */,
			);
			buildRules = (
			);
			dependencies = (
			);
			name = exam;
			productName = exam;
			productReference = AC16924719EC402E0099EAE4 /* exam */;
			productType = "com.apple.product-type.tool";
		};
/* End PBXNativeTarget section */

/* Begin PBXProject section */
		AC16923F19EC402E0099EAE4 /* Project object */ = {
			isa = PBXProject;
			attributes = {
				LastUpgradeCheck = 0600;
				ORGANIZATIONNAME = senu;
				TargetAttributes = {
					AC16924619EC402E0099EAE4 = {
						CreatedOnToolsVersion = 6.0.1;
					};
				};
			};
			buildConfigurationList = AC16924219EC402E0099EAE4 /* Build configuration list for PBXProject "exam" */;
			compatibilityVersion = "Xcode 3.2";
			developmentRegion = English;
			hasScannedForEncodings = 0;
			knownRegions = (
				en,
			);
			mainGroup = AC16923E19EC402E0099EAE4;
			productRefGroup = AC16924819EC402E0099EAE4 /* Products */;
			projectDirPath = "";
			projectRoot = "";
			targets = (
				AC16924619EC402E0099EAE4 /* exam */,
			);
		};
/* End PBXProject section */

/* Begin PBXSourcesBuildPhase section */
		AC16924319EC402E0099EAE4 /* Sources */ = {
			isa = PBXSourcesBuildPhase;
			buildActionMask = 2147483647;
			files = (
				AC16925519EC407A0099EAE4 /* getinfo.cpp in Sources */,
				AC16925619EC407A0099EAE4 /* studentRosterType.cpp in Sources */,
				AC16925919EC40F50099EAE4 /* main.cpp in Sources */,
			);
			runOnlyForDeploymentPostprocessing = 0;
		};
/* End PBXSourcesBuildPhase section */

/* Begin XCBuildConfiguration section */
		AC16924C19EC402E0099EAE4 /* Debug */ = {
			isa = XCBuildConfiguration;
			buildSettings = {
				ALWAYS_SEARCH_USER_PATHS = NO;
				CLANG_CXX_LANGUAGE_STANDARD = "gnu++0x";
				CLANG_CXX_LIBRARY = "libc++";
				CLANG_ENABLE_MODULES = YES;
				CLANG_ENABLE_OBJC_ARC = YES;
				CLANG_WARN_BOOL_CONVERSION = YES;
				CLANG_WARN_CONSTANT_CONVERSION = YES;
				CLANG_WARN_DIRECT_OBJC_ISA_USAGE = YES_ERROR;
				CLANG_WARN_EMPTY_BODY = YES;
				CLANG_WARN_ENUM_CONVERSION = YES;
				CLANG_WARN_INT_CONVERSION = YES;
				CLANG_WARN_OBJC_ROOT_CLASS = YES_ERROR;
				CLANG_WARN_UNREACHABLE_CODE = YES;
				CLANG_WARN__DUPLICATE_METHOD_MATCH = YES;
				COPY_PHASE_STRIP = NO;
				ENABLE_STRICT_OBJC_MSGSEND = YES;
				GCC_C_LANGUAGE_STANDARD = gnu99;
				GCC_DYNAMIC_NO_PIC = NO;
				GCC_OPTIMIZATION_LEVEL = 0;
				GCC_PREPROCESSOR_DEFINITIONS = (
					"DEBUG=1",
					"$(inherited)",
				);
				GCC_SYMBOLS_PRIVATE_EXTERN = NO;
				GCC_WARN_64_TO_32_BIT_CONVERSION = YES;
				GCC_WARN_ABOUT_RETURN_TYPE = YES_ERROR;
				GCC_WARN_UNDECLARED_SELECTOR = YES;
				GCC_WARN_UNINITIALIZED_AUTOS = YES_AGGRESSIVE;
				GCC_WARN_UNUSED_FUNCTION = YES;
				GCC_WARN_UNUSED_VARIABLE = YES;
				MACOSX_DEPLOYMENT_TARGET = 10.9;
				MTL_ENABLE_DEBUG_INFO = YES;
				ONLY_ACTIVE_ARCH = YES;
				SDKROOT = macosx;
			};
			name = Debug;
		};
		AC16924D19EC402E0099EAE4 /* Release */ = {
			isa = XCBuildConfiguration;
			buildSettings = {
				ALWAYS_SEARCH_USER_PATHS = NO;
				CLANG_CXX_LANGUAGE_STANDARD = "gnu++0x";
				CLANG_CXX_LIBRARY = "libc++";
				CLANG_ENABLE_MODULES = YES;
				CLANG_ENABLE_OBJC_ARC = YES;
				CLANG_WARN_BOOL_CONVERSION = YES;
				CLANG_WARN_CONSTANT_CONVERSION = YES;
				CLANG_WARN_DIRECT_OBJC_ISA_USAGE = YES_ERROR;
				CLANG_WARN_EMPTY_BODY = YES;
				CLANG_WARN_ENUM_CONVERSION = YES;
				CLANG_WARN_INT_CONVERSION = YES;
				CLANG_WARN_OBJC_ROOT_CLASS = YES_ERROR;
				CLANG_WARN_UNREACHABLE_CODE = YES;
				CLANG_WARN__DUPLICATE_METHOD_MATCH = YES;
				COPY_PHASE_STRIP = YES;
				DEBUG_INFORMATION_FORMAT = "dwarf-with-dsym";
				ENABLE_NS_ASSERTIONS = NO;
				ENABLE_STRICT_OBJC_MSGSEND = YES;
				GCC_C_LANGUAGE_STANDARD = gnu99;
				GCC_WARN_64_TO_32_BIT_CONVERSION = YES;
				GCC_WARN_ABOUT_RETURN_TYPE = YES_ERROR;
				GCC_WARN_UNDECLARED_SELECTOR = YES;
				GCC_WARN_UNINITIALIZED_AUTOS = YES_AGGRESSIVE;
				GCC_WARN_UNUSED_FUNCTION = YES;
				GCC_WARN_UNUSED_VARIABLE = YES;
				MACOSX_DEPLOYMENT_TARGET = 10.9;
				MTL_ENABLE_DEBUG_INFO = NO;
				SDKROOT = macosx;
			};
			name = Release;
		};
		AC16924F19EC402E0099EAE4 /* Debug */ = {
			isa = XCBuildConfiguration;
			buildSettings = {
				PRODUCT_NAME = "$(TARGET_NAME)";
			};
			name = Debug;
		};
		AC16925019EC402E0099EAE4 /* Release */ = {
			isa = XCBuildConfiguration;
			buildSettings = {
				PRODUCT_NAME = "$(TARGET_NAME)";
			};
			name = Release;
		};
/* End XCBuildConfiguration section */

/* Begin XCConfigurationList section */
		AC16924219EC402E0099EAE4 /* Build configuration list for PBXProject "exam" */ = {
			isa = XCConfigurationList;
			buildConfigurations = (
				AC16924C19EC402E0099EAE4 /* Debug */,
				AC16924D19EC402E0099EAE4 /* Release */,
			);
			defaultConfigurationIsVisible = 0;
			defaultConfigurationName = Release;
		};
		AC16924E19EC402E0099EAE4 /* Build configuration list for PBXNativeTarget "exam" */ = {
			isa = XCConfigurationList;
			buildConfigurations = (
				AC16924F19EC402E0099EAE4 /* Debug */,
				AC16925019EC402E0099EAE4 /* Release */,
			);
			defaultConfigurationIsVisible = 0;
		};
/* End XCConfigurationList section */
	};
	rootObject = AC16923F19EC402E0099EAE4 /* Project object */;
}
