// !$*UTF8*$!
{
	archiveVersion = 1;
	classes = {
	};
	objectVersion = 46;
	objects = {

/* Begin PBXBuildFile section */
		ACEFBD761A37C1B600AE63E6 /* main.cpp in Sources */ = {isa = PBXBuildFile; fileRef = ACEFBD751A37C1B600AE63E6 /* main.cpp */; };
		ACEFBD801A37C24F00AE63E6 /* complex.cpp in Sources */ = {isa = PBXBuildFile; fileRef = ACEFBD7E1A37C24F00AE63E6 /* complex.cpp */; };
/* End PBXBuildFile section */

/* Begin PBXCopyFilesBuildPhase section */
		ACEFBD701A37C1B600AE63E6 /* CopyFiles */ = {
			isa = PBXCopyFilesBuildPhase;
			buildActionMask = 2147483647;
			dstPath = /usr/share/man/man1/;
			dstSubfolderSpec = 0;
			files = (
			);
			runOnlyForDeploymentPostprocessing = 1;
		};
/* End PBXCopyFilesBuildPhase section */

/* Begin PBXFileReference section */
		ACEFBD721A37C1B600AE63E6 /* lab1(hw) */ = {isa = PBXFileReference; explicitFileType = "compiled.mach-o.executable"; includeInIndex = 0; path = "lab1(hw)"; sourceTree = BUILT_PRODUCTS_DIR; };
		ACEFBD751A37C1B600AE63E6 /* main.cpp */ = {isa = PBXFileReference; lastKnownFileType = sourcecode.cpp.cpp; path = main.cpp; sourceTree = "<group>"; };
		ACEFBD7C1A37C1E700AE63E6 /* complex.txt */ = {isa = PBXFileReference; fileEncoding = 4; lastKnownFileType = text; path = complex.txt; sourceTree = "<group>"; };
		ACEFBD7D1A37C1E700AE63E6 /* complexObj(output).txt */ = {isa = PBXFileReference; fileEncoding = 4; lastKnownFileType = text; path = "complexObj(output).txt"; sourceTree = "<group>"; };
		ACEFBD7E1A37C24F00AE63E6 /* complex.cpp */ = {isa = PBXFileReference; fileEncoding = 4; lastKnownFileType = sourcecode.cpp.cpp; path = complex.cpp; sourceTree = "<group>"; };
		ACEFBD7F1A37C24F00AE63E6 /* complex.h */ = {isa = PBXFileReference; fileEncoding = 4; lastKnownFileType = sourcecode.c.h; path = complex.h; sourceTree = "<group>"; };
/* End PBXFileReference section */

/* Begin PBXFrameworksBuildPhase section */
		ACEFBD6F1A37C1B600AE63E6 /* Frameworks */ = {
			isa = PBXFrameworksBuildPhase;
			buildActionMask = 2147483647;
			files = (
			);
			runOnlyForDeploymentPostprocessing = 0;
		};
/* End PBXFrameworksBuildPhase section */

/* Begin PBXGroup section */
		ACEFBD691A37C1B600AE63E6 = {
			isa = PBXGroup;
			children = (
				ACEFBD741A37C1B600AE63E6 /* lab1(hw) */,
				ACEFBD731A37C1B600AE63E6 /* Products */,
			);
			sourceTree = "<group>";
		};
		ACEFBD731A37C1B600AE63E6 /* Products */ = {
			isa = PBXGroup;
			children = (
				ACEFBD721A37C1B600AE63E6 /* lab1(hw) */,
			);
			name = Products;
			sourceTree = "<group>";
		};
		ACEFBD741A37C1B600AE63E6 /* lab1(hw) */ = {
			isa = PBXGroup;
			children = (
				ACEFBD7D1A37C1E700AE63E6 /* complexObj(output).txt */,
				ACEFBD7C1A37C1E700AE63E6 /* complex.txt */,
				ACEFBD751A37C1B600AE63E6 /* main.cpp */,
				ACEFBD7E1A37C24F00AE63E6 /* complex.cpp */,
				ACEFBD7F1A37C24F00AE63E6 /* complex.h */,
			);
			path = "lab1(hw)";
			sourceTree = "<group>";
		};
/* End PBXGroup section */

/* Begin PBXNativeTarget section */
		ACEFBD711A37C1B600AE63E6 /* lab1(hw) */ = {
			isa = PBXNativeTarget;
			buildConfigurationList = ACEFBD791A37C1B600AE63E6 /* Build configuration list for PBXNativeTarget "lab1(hw)" */;
			buildPhases = (
				ACEFBD6E1A37C1B600AE63E6 /* Sources */,
				ACEFBD6F1A37C1B600AE63E6 /* Frameworks */,
				ACEFBD701A37C1B600AE63E6 /* CopyFiles */,
			);
			buildRules = (
			);
			dependencies = (
			);
			name = "lab1(hw)";
			productName = "lab1(hw)";
			productReference = ACEFBD721A37C1B600AE63E6 /* lab1(hw) */;
			productType = "com.apple.product-type.tool";
		};
/* End PBXNativeTarget section */

/* Begin PBXProject section */
		ACEFBD6A1A37C1B600AE63E6 /* Project object */ = {
			isa = PBXProject;
			attributes = {
				LastUpgradeCheck = 0610;
				ORGANIZATIONNAME = "Anahit Sarao";
				TargetAttributes = {
					ACEFBD711A37C1B600AE63E6 = {
						CreatedOnToolsVersion = 6.1.1;
					};
				};
			};
			buildConfigurationList = ACEFBD6D1A37C1B600AE63E6 /* Build configuration list for PBXProject "lab1(hw)" */;
			compatibilityVersion = "Xcode 3.2";
			developmentRegion = English;
			hasScannedForEncodings = 0;
			knownRegions = (
				en,
			);
			mainGroup = ACEFBD691A37C1B600AE63E6;
			productRefGroup = ACEFBD731A37C1B600AE63E6 /* Products */;
			projectDirPath = "";
			projectRoot = "";
			targets = (
				ACEFBD711A37C1B600AE63E6 /* lab1(hw) */,
			);
		};
/* End PBXProject section */

/* Begin PBXSourcesBuildPhase section */
		ACEFBD6E1A37C1B600AE63E6 /* Sources */ = {
			isa = PBXSourcesBuildPhase;
			buildActionMask = 2147483647;
			files = (
				ACEFBD801A37C24F00AE63E6 /* complex.cpp in Sources */,
				ACEFBD761A37C1B600AE63E6 /* main.cpp in Sources */,
			);
			runOnlyForDeploymentPostprocessing = 0;
		};
/* End PBXSourcesBuildPhase section */

/* Begin XCBuildConfiguration section */
		ACEFBD771A37C1B600AE63E6 /* Debug */ = {
			isa = XCBuildConfiguration;
			buildSettings = {
				ALWAYS_SEARCH_USER_PATHS = NO;
				CLANG_CXX_LANGUAGE_STANDARD = "gnu++0x";
				CLANG_CXX_LIBRARY = "libc++";
				CLANG_ENABLE_MODULES = YES;
				CLANG_ENABLE_OBJC_ARC = YES;
				CLANG_WARN_BOOL_CONVERSION = YES;
				CLANG_WARN_CONSTANT_CONVERSION = YES;
				CLANG_WARN_DIRECT_OBJC_ISA_USAGE = YES_ERROR;
				CLANG_WARN_EMPTY_BODY = YES;
				CLANG_WARN_ENUM_CONVERSION = YES;
				CLANG_WARN_INT_CONVERSION = YES;
				CLANG_WARN_OBJC_ROOT_CLASS = YES_ERROR;
				CLANG_WARN_UNREACHABLE_CODE = YES;
				CLANG_WARN__DUPLICATE_METHOD_MATCH = YES;
				COPY_PHASE_STRIP = NO;
				ENABLE_STRICT_OBJC_MSGSEND = YES;
				GCC_C_LANGUAGE_STANDARD = gnu99;
				GCC_DYNAMIC_NO_PIC = NO;
				GCC_OPTIMIZATION_LEVEL = 0;
				GCC_PREPROCESSOR_DEFINITIONS = (
					"DEBUG=1",
					"$(inherited)",
				);
				GCC_SYMBOLS_PRIVATE_EXTERN = NO;
				GCC_WARN_64_TO_32_BIT_CONVERSION = YES;
				GCC_WARN_ABOUT_RETURN_TYPE = YES_ERROR;
				GCC_WARN_UNDECLARED_SELECTOR = YES;
				GCC_WARN_UNINITIALIZED_AUTOS = YES_AGGRESSIVE;
				GCC_WARN_UNUSED_FUNCTION = YES;
				GCC_WARN_UNUSED_VARIABLE = YES;
				MACOSX_DEPLOYMENT_TARGET = 10.9;
				MTL_ENABLE_DEBUG_INFO = YES;
				ONLY_ACTIVE_ARCH = YES;
				SDKROOT = macosx;
			};
			name = Debug;
		};
		ACEFBD781A37C1B600AE63E6 /* Release */ = {
			isa = XCBuildConfiguration;
			buildSettings = {
				ALWAYS_SEARCH_USER_PATHS = NO;
				CLANG_CXX_LANGUAGE_STANDARD = "gnu++0x";
				CLANG_CXX_LIBRARY = "libc++";
				CLANG_ENABLE_MODULES = YES;
				CLANG_ENABLE_OBJC_ARC = YES;
				CLANG_WARN_BOOL_CONVERSION = YES;
				CLANG_WARN_CONSTANT_CONVERSION = YES;
				CLANG_WARN_DIRECT_OBJC_ISA_USAGE = YES_ERROR;
				CLANG_WARN_EMPTY_BODY = YES;
				CLANG_WARN_ENUM_CONVERSION = YES;
				CLANG_WARN_INT_CONVERSION = YES;
				CLANG_WARN_OBJC_ROOT_CLASS = YES_ERROR;
				CLANG_WARN_UNREACHABLE_CODE = YES;
				CLANG_WARN__DUPLICATE_METHOD_MATCH = YES;
				COPY_PHASE_STRIP = YES;
				DEBUG_INFORMATION_FORMAT = "dwarf-with-dsym";
				ENABLE_NS_ASSERTIONS = NO;
				ENABLE_STRICT_OBJC_MSGSEND = YES;
				GCC_C_LANGUAGE_STANDARD = gnu99;
				GCC_WARN_64_TO_32_BIT_CONVERSION = YES;
				GCC_WARN_ABOUT_RETURN_TYPE = YES_ERROR;
				GCC_WARN_UNDECLARED_SELECTOR = YES;
				GCC_WARN_UNINITIALIZED_AUTOS = YES_AGGRESSIVE;
				GCC_WARN_UNUSED_FUNCTION = YES;
				GCC_WARN_UNUSED_VARIABLE = YES;
				MACOSX_DEPLOYMENT_TARGET = 10.9;
				MTL_ENABLE_DEBUG_INFO = NO;
				SDKROOT = macosx;
			};
			name = Release;
		};
		ACEFBD7A1A37C1B600AE63E6 /* Debug */ = {
			isa = XCBuildConfiguration;
			buildSettings = {
				PRODUCT_NAME = "$(TARGET_NAME)";
			};
			name = Debug;
		};
		ACEFBD7B1A37C1B600AE63E6 /* Release */ = {
			isa = XCBuildConfiguration;
			buildSettings = {
				PRODUCT_NAME = "$(TARGET_NAME)";
			};
			name = Release;
		};
/* End XCBuildConfiguration section */

/* Begin XCConfigurationList section */
		ACEFBD6D1A37C1B600AE63E6 /* Build configuration list for PBXProject "lab1(hw)" */ = {
			isa = XCConfigurationList;
			buildConfigurations = (
				ACEFBD771A37C1B600AE63E6 /* Debug */,
				ACEFBD781A37C1B600AE63E6 /* Release */,
			);
			defaultConfigurationIsVisible = 0;
			defaultConfigurationName = Release;
		};
		ACEFBD791A37C1B600AE63E6 /* Build configuration list for PBXNativeTarget "lab1(hw)" */ = {
			isa = XCConfigurationList;
			buildConfigurations = (
				ACEFBD7A1A37C1B600AE63E6 /* Debug */,
				ACEFBD7B1A37C1B600AE63E6 /* Release */,
			);
			defaultConfigurationIsVisible = 0;
		};
/* End XCConfigurationList section */
	};
	rootObject = ACEFBD6A1A37C1B600AE63E6 /* Project object */;
}
