// !$*UTF8*$!
{
	archiveVersion = 1;
	classes = {
	};
	objectVersion = 46;
	objects = {

/* Begin PBXBuildFile section */
		AC6B9BEE1A358D1E00AE984D /* main.cpp in Sources */ = {isa = PBXBuildFile; fileRef = AC6B9BED1A358D1E00AE984D /* main.cpp */; };
/* End PBXBuildFile section */

/* Begin PBXCopyFilesBuildPhase section */
		AC6B9BE81A358D1E00AE984D /* CopyFiles */ = {
			isa = PBXCopyFilesBuildPhase;
			buildActionMask = 2147483647;
			dstPath = /usr/share/man/man1/;
			dstSubfolderSpec = 0;
			files = (
			);
			runOnlyForDeploymentPostprocessing = 1;
		};
/* End PBXCopyFilesBuildPhase section */

/* Begin PBXFileReference section */
		AC6B9BEA1A358D1E00AE984D /* lab10(hw) */ = {isa = PBXFileReference; explicitFileType = "compiled.mach-o.executable"; includeInIndex = 0; path = "lab10(hw)"; sourceTree = BUILT_PRODUCTS_DIR; };
		AC6B9BED1A358D1E00AE984D /* main.cpp */ = {isa = PBXFileReference; lastKnownFileType = sourcecode.cpp.cpp; path = main.cpp; sourceTree = "<group>"; };
		AC6B9BF41A358DB600AE984D /* palindrome.h */ = {isa = PBXFileReference; lastKnownFileType = sourcecode.c.h; path = palindrome.h; sourceTree = "<group>"; };
		AC6B9BF51A358F8400AE984D /* output.txt */ = {isa = PBXFileReference; fileEncoding = 4; lastKnownFileType = text; path = output.txt; sourceTree = "<group>"; };
/* End PBXFileReference section */

/* Begin PBXFrameworksBuildPhase section */
		AC6B9BE71A358D1E00AE984D /* Frameworks */ = {
			isa = PBXFrameworksBuildPhase;
			buildActionMask = 2147483647;
			files = (
			);
			runOnlyForDeploymentPostprocessing = 0;
		};
/* End PBXFrameworksBuildPhase section */

/* Begin PBXGroup section */
		AC6B9BE11A358D1E00AE984D = {
			isa = PBXGroup;
			children = (
				AC6B9BEC1A358D1E00AE984D /* lab10(hw) */,
				AC6B9BEB1A358D1E00AE984D /* Products */,
			);
			sourceTree = "<group>";
		};
		AC6B9BEB1A358D1E00AE984D /* Products */ = {
			isa = PBXGroup;
			children = (
				AC6B9BEA1A358D1E00AE984D /* lab10(hw) */,
			);
			name = Products;
			sourceTree = "<group>";
		};
		AC6B9BEC1A358D1E00AE984D /* lab10(hw) */ = {
			isa = PBXGroup;
			children = (
				AC6B9BED1A358D1E00AE984D /* main.cpp */,
				AC6B9BF51A358F8400AE984D /* output.txt */,
				AC6B9BF41A358DB600AE984D /* palindrome.h */,
			);
			path = "lab10(hw)";
			sourceTree = "<group>";
		};
/* End PBXGroup section */

/* Begin PBXNativeTarget section */
		AC6B9BE91A358D1E00AE984D /* lab10(hw) */ = {
			isa = PBXNativeTarget;
			buildConfigurationList = AC6B9BF11A358D1E00AE984D /* Build configuration list for PBXNativeTarget "lab10(hw)" */;
			buildPhases = (
				AC6B9BE61A358D1E00AE984D /* Sources */,
				AC6B9BE71A358D1E00AE984D /* Frameworks */,
				AC6B9BE81A358D1E00AE984D /* CopyFiles */,
			);
			buildRules = (
			);
			dependencies = (
			);
			name = "lab10(hw)";
			productName = "lab10(hw)";
			productReference = AC6B9BEA1A358D1E00AE984D /* lab10(hw) */;
			productType = "com.apple.product-type.tool";
		};
/* End PBXNativeTarget section */

/* Begin PBXProject section */
		AC6B9BE21A358D1E00AE984D /* Project object */ = {
			isa = PBXProject;
			attributes = {
				LastUpgradeCheck = 0610;
				ORGANIZATIONNAME = "Anahit Sarao";
				TargetAttributes = {
					AC6B9BE91A358D1E00AE984D = {
						CreatedOnToolsVersion = 6.1.1;
					};
				};
			};
			buildConfigurationList = AC6B9BE51A358D1E00AE984D /* Build configuration list for PBXProject "lab10(hw)" */;
			compatibilityVersion = "Xcode 3.2";
			developmentRegion = English;
			hasScannedForEncodings = 0;
			knownRegions = (
				en,
			);
			mainGroup = AC6B9BE11A358D1E00AE984D;
			productRefGroup = AC6B9BEB1A358D1E00AE984D /* Products */;
			projectDirPath = "";
			projectRoot = "";
			targets = (
				AC6B9BE91A358D1E00AE984D /* lab10(hw) */,
			);
		};
/* End PBXProject section */

/* Begin PBXSourcesBuildPhase section */
		AC6B9BE61A358D1E00AE984D /* Sources */ = {
			isa = PBXSourcesBuildPhase;
			buildActionMask = 2147483647;
			files = (
				AC6B9BEE1A358D1E00AE984D /* main.cpp in Sources */,
			);
			runOnlyForDeploymentPostprocessing = 0;
		};
/* End PBXSourcesBuildPhase section */

/* Begin XCBuildConfiguration section */
		AC6B9BEF1A358D1E00AE984D /* Debug */ = {
			isa = XCBuildConfiguration;
			buildSettings = {
				ALWAYS_SEARCH_USER_PATHS = NO;
				CLANG_CXX_LANGUAGE_STANDARD = "gnu++0x";
				CLANG_CXX_LIBRARY = "libc++";
				CLANG_ENABLE_MODULES = YES;
				CLANG_ENABLE_OBJC_ARC = YES;
				CLANG_WARN_BOOL_CONVERSION = YES;
				CLANG_WARN_CONSTANT_CONVERSION = YES;
				CLANG_WARN_DIRECT_OBJC_ISA_USAGE = YES_ERROR;
				CLANG_WARN_EMPTY_BODY = YES;
				CLANG_WARN_ENUM_CONVERSION = YES;
				CLANG_WARN_INT_CONVERSION = YES;
				CLANG_WARN_OBJC_ROOT_CLASS = YES_ERROR;
				CLANG_WARN_UNREACHABLE_CODE = YES;
				CLANG_WARN__DUPLICATE_METHOD_MATCH = YES;
				COPY_PHASE_STRIP = NO;
				ENABLE_STRICT_OBJC_MSGSEND = YES;
				GCC_C_LANGUAGE_STANDARD = gnu99;
				GCC_DYNAMIC_NO_PIC = NO;
				GCC_OPTIMIZATION_LEVEL = 0;
				GCC_PREPROCESSOR_DEFINITIONS = (
					"DEBUG=1",
					"$(inherited)",
				);
				GCC_SYMBOLS_PRIVATE_EXTERN = NO;
				GCC_WARN_64_TO_32_BIT_CONVERSION = YES;
				GCC_WARN_ABOUT_RETURN_TYPE = YES_ERROR;
				GCC_WARN_UNDECLARED_SELECTOR = YES;
				GCC_WARN_UNINITIALIZED_AUTOS = YES_AGGRESSIVE;
				GCC_WARN_UNUSED_FUNCTION = YES;
				GCC_WARN_UNUSED_VARIABLE = YES;
				MACOSX_DEPLOYMENT_TARGET = 10.9;
				MTL_ENABLE_DEBUG_INFO = YES;
				ONLY_ACTIVE_ARCH = YES;
				SDKROOT = macosx;
			};
			name = Debug;
		};
		AC6B9BF01A358D1E00AE984D /* Release */ = {
			isa = XCBuildConfiguration;
			buildSettings = {
				ALWAYS_SEARCH_USER_PATHS = NO;
				CLANG_CXX_LANGUAGE_STANDARD = "gnu++0x";
				CLANG_CXX_LIBRARY = "libc++";
				CLANG_ENABLE_MODULES = YES;
				CLANG_ENABLE_OBJC_ARC = YES;
				CLANG_WARN_BOOL_CONVERSION = YES;
				CLANG_WARN_CONSTANT_CONVERSION = YES;
				CLANG_WARN_DIRECT_OBJC_ISA_USAGE = YES_ERROR;
				CLANG_WARN_EMPTY_BODY = YES;
				CLANG_WARN_ENUM_CONVERSION = YES;
				CLANG_WARN_INT_CONVERSION = YES;
				CLANG_WARN_OBJC_ROOT_CLASS = YES_ERROR;
				CLANG_WARN_UNREACHABLE_CODE = YES;
				CLANG_WARN__DUPLICATE_METHOD_MATCH = YES;
				COPY_PHASE_STRIP = YES;
				DEBUG_INFORMATION_FORMAT = "dwarf-with-dsym";
				ENABLE_NS_ASSERTIONS = NO;
				ENABLE_STRICT_OBJC_MSGSEND = YES;
				GCC_C_LANGUAGE_STANDARD = gnu99;
				GCC_WARN_64_TO_32_BIT_CONVERSION = YES;
				GCC_WARN_ABOUT_RETURN_TYPE = YES_ERROR;
				GCC_WARN_UNDECLARED_SELECTOR = YES;
				GCC_WARN_UNINITIALIZED_AUTOS = YES_AGGRESSIVE;
				GCC_WARN_UNUSED_FUNCTION = YES;
				GCC_WARN_UNUSED_VARIABLE = YES;
				MACOSX_DEPLOYMENT_TARGET = 10.9;
				MTL_ENABLE_DEBUG_INFO = NO;
				SDKROOT = macosx;
			};
			name = Release;
		};
		AC6B9BF21A358D1E00AE984D /* Debug */ = {
			isa = XCBuildConfiguration;
			buildSettings = {
				PRODUCT_NAME = "$(TARGET_NAME)";
			};
			name = Debug;
		};
		AC6B9BF31A358D1E00AE984D /* Release */ = {
			isa = XCBuildConfiguration;
			buildSettings = {
				PRODUCT_NAME = "$(TARGET_NAME)";
			};
			name = Release;
		};
/* End XCBuildConfiguration section */

/* Begin XCConfigurationList section */
		AC6B9BE51A358D1E00AE984D /* Build configuration list for PBXProject "lab10(hw)" */ = {
			isa = XCConfigurationList;
			buildConfigurations = (
				AC6B9BEF1A358D1E00AE984D /* Debug */,
				AC6B9BF01A358D1E00AE984D /* Release */,
			);
			defaultConfigurationIsVisible = 0;
			defaultConfigurationName = Release;
		};
		AC6B9BF11A358D1E00AE984D /* Build configuration list for PBXNativeTarget "lab10(hw)" */ = {
			isa = XCConfigurationList;
			buildConfigurations = (
				AC6B9BF21A358D1E00AE984D /* Debug */,
				AC6B9BF31A358D1E00AE984D /* Release */,
			);
			defaultConfigurationIsVisible = 0;
		};
/* End XCConfigurationList section */
	};
	rootObject = AC6B9BE21A358D1E00AE984D /* Project object */;
}
