// !$*UTF8*$!
{
	archiveVersion = 1;
	classes = {
	};
	objectVersion = 46;
	objects = {

/* Begin PBXBuildFile section */
		ACA4AF071A2D20930060A250 /* main.cpp in Sources */ = {isa = PBXBuildFile; fileRef = ACA4AF061A2D20930060A250 /* main.cpp */; };
		ACA4AF0F1A2D21D30060A250 /* simulation.cpp in Sources */ = {isa = PBXBuildFile; fileRef = ACA4AF0D1A2D21D30060A250 /* simulation.cpp */; };
/* End PBXBuildFile section */

/* Begin PBXCopyFilesBuildPhase section */
		ACA4AF011A2D20930060A250 /* CopyFiles */ = {
			isa = PBXCopyFilesBuildPhase;
			buildActionMask = 2147483647;
			dstPath = /usr/share/man/man1/;
			dstSubfolderSpec = 0;
			files = (
			);
			runOnlyForDeploymentPostprocessing = 1;
		};
/* End PBXCopyFilesBuildPhase section */

/* Begin PBXFileReference section */
		ACA4AF031A2D20930060A250 /* exam3 */ = {isa = PBXFileReference; explicitFileType = "compiled.mach-o.executable"; includeInIndex = 0; path = exam3; sourceTree = BUILT_PRODUCTS_DIR; };
		ACA4AF061A2D20930060A250 /* main.cpp */ = {isa = PBXFileReference; lastKnownFileType = sourcecode.cpp.cpp; path = main.cpp; sourceTree = "<group>"; };
		ACA4AF0D1A2D21D30060A250 /* simulation.cpp */ = {isa = PBXFileReference; fileEncoding = 4; lastKnownFileType = sourcecode.cpp.cpp; path = simulation.cpp; sourceTree = "<group>"; };
		ACA4AF0E1A2D21D30060A250 /* simulation.h */ = {isa = PBXFileReference; fileEncoding = 4; lastKnownFileType = sourcecode.c.h; path = simulation.h; sourceTree = "<group>"; };
/* End PBXFileReference section */

/* Begin PBXFrameworksBuildPhase section */
		ACA4AF001A2D20930060A250 /* Frameworks */ = {
			isa = PBXFrameworksBuildPhase;
			buildActionMask = 2147483647;
			files = (
			);
			runOnlyForDeploymentPostprocessing = 0;
		};
/* End PBXFrameworksBuildPhase section */

/* Begin PBXGroup section */
		ACA4AEFA1A2D20930060A250 = {
			isa = PBXGroup;
			children = (
				ACA4AF051A2D20930060A250 /* exam3 */,
				ACA4AF041A2D20930060A250 /* Products */,
			);
			sourceTree = "<group>";
		};
		ACA4AF041A2D20930060A250 /* Products */ = {
			isa = PBXGroup;
			children = (
				ACA4AF031A2D20930060A250 /* exam3 */,
			);
			name = Products;
			sourceTree = "<group>";
		};
		ACA4AF051A2D20930060A250 /* exam3 */ = {
			isa = PBXGroup;
			children = (
				ACA4AF061A2D20930060A250 /* main.cpp */,
				ACA4AF0D1A2D21D30060A250 /* simulation.cpp */,
				ACA4AF0E1A2D21D30060A250 /* simulation.h */,
			);
			path = exam3;
			sourceTree = "<group>";
		};
/* End PBXGroup section */

/* Begin PBXNativeTarget section */
		ACA4AF021A2D20930060A250 /* exam3 */ = {
			isa = PBXNativeTarget;
			buildConfigurationList = ACA4AF0A1A2D20930060A250 /* Build configuration list for PBXNativeTarget "exam3" */;
			buildPhases = (
				ACA4AEFF1A2D20930060A250 /* Sources */,
				ACA4AF001A2D20930060A250 /* Frameworks */,
				ACA4AF011A2D20930060A250 /* CopyFiles */,
			);
			buildRules = (
			);
			dependencies = (
			);
			name = exam3;
			productName = exam3;
			productReference = ACA4AF031A2D20930060A250 /* exam3 */;
			productType = "com.apple.product-type.tool";
		};
/* End PBXNativeTarget section */

/* Begin PBXProject section */
		ACA4AEFB1A2D20930060A250 /* Project object */ = {
			isa = PBXProject;
			attributes = {
				LastUpgradeCheck = 0610;
				ORGANIZATIONNAME = "Anahit Sarao";
				TargetAttributes = {
					ACA4AF021A2D20930060A250 = {
						CreatedOnToolsVersion = 6.1;
					};
				};
			};
			buildConfigurationList = ACA4AEFE1A2D20930060A250 /* Build configuration list for PBXProject "exam3" */;
			compatibilityVersion = "Xcode 3.2";
			developmentRegion = English;
			hasScannedForEncodings = 0;
			knownRegions = (
				en,
			);
			mainGroup = ACA4AEFA1A2D20930060A250;
			productRefGroup = ACA4AF041A2D20930060A250 /* Products */;
			projectDirPath = "";
			projectRoot = "";
			targets = (
				ACA4AF021A2D20930060A250 /* exam3 */,
			);
		};
/* End PBXProject section */

/* Begin PBXSourcesBuildPhase section */
		ACA4AEFF1A2D20930060A250 /* Sources */ = {
			isa = PBXSourcesBuildPhase;
			buildActionMask = 2147483647;
			files = (
				ACA4AF0F1A2D21D30060A250 /* simulation.cpp in Sources */,
				ACA4AF071A2D20930060A250 /* main.cpp in Sources */,
			);
			runOnlyForDeploymentPostprocessing = 0;
		};
/* End PBXSourcesBuildPhase section */

/* Begin XCBuildConfiguration section */
		ACA4AF081A2D20930060A250 /* Debug */ = {
			isa = XCBuildConfiguration;
			buildSettings = {
				ALWAYS_SEARCH_USER_PATHS = NO;
				CLANG_CXX_LANGUAGE_STANDARD = "gnu++0x";
				CLANG_CXX_LIBRARY = "libc++";
				CLANG_ENABLE_MODULES = YES;
				CLANG_ENABLE_OBJC_ARC = YES;
				CLANG_WARN_BOOL_CONVERSION = YES;
				CLANG_WARN_CONSTANT_CONVERSION = YES;
				CLANG_WARN_DIRECT_OBJC_ISA_USAGE = YES_ERROR;
				CLANG_WARN_EMPTY_BODY = YES;
				CLANG_WARN_ENUM_CONVERSION = YES;
				CLANG_WARN_INT_CONVERSION = YES;
				CLANG_WARN_OBJC_ROOT_CLASS = YES_ERROR;
				CLANG_WARN_UNREACHABLE_CODE = YES;
				CLANG_WARN__DUPLICATE_METHOD_MATCH = YES;
				COPY_PHASE_STRIP = NO;
				ENABLE_STRICT_OBJC_MSGSEND = YES;
				GCC_C_LANGUAGE_STANDARD = gnu99;
				GCC_DYNAMIC_NO_PIC = NO;
				GCC_OPTIMIZATION_LEVEL = 0;
				GCC_PREPROCESSOR_DEFINITIONS = (
					"DEBUG=1",
					"$(inherited)",
				);
				GCC_SYMBOLS_PRIVATE_EXTERN = NO;
				GCC_WARN_64_TO_32_BIT_CONVERSION = YES;
				GCC_WARN_ABOUT_RETURN_TYPE = YES_ERROR;
				GCC_WARN_UNDECLARED_SELECTOR = YES;
				GCC_WARN_UNINITIALIZED_AUTOS = YES_AGGRESSIVE;
				GCC_WARN_UNUSED_FUNCTION = YES;
				GCC_WARN_UNUSED_VARIABLE = YES;
				MACOSX_DEPLOYMENT_TARGET = 10.9;
				MTL_ENABLE_DEBUG_INFO = YES;
				ONLY_ACTIVE_ARCH = YES;
				SDKROOT = macosx;
			};
			name = Debug;
		};
		ACA4AF091A2D20930060A250 /* Release */ = {
			isa = XCBuildConfiguration;
			buildSettings = {
				ALWAYS_SEARCH_USER_PATHS = NO;
				CLANG_CXX_LANGUAGE_STANDARD = "gnu++0x";
				CLANG_CXX_LIBRARY = "libc++";
				CLANG_ENABLE_MODULES = YES;
				CLANG_ENABLE_OBJC_ARC = YES;
				CLANG_WARN_BOOL_CONVERSION = YES;
				CLANG_WARN_CONSTANT_CONVERSION = YES;
				CLANG_WARN_DIRECT_OBJC_ISA_USAGE = YES_ERROR;
				CLANG_WARN_EMPTY_BODY = YES;
				CLANG_WARN_ENUM_CONVERSION = YES;
				CLANG_WARN_INT_CONVERSION = YES;
				CLANG_WARN_OBJC_ROOT_CLASS = YES_ERROR;
				CLANG_WARN_UNREACHABLE_CODE = YES;
				CLANG_WARN__DUPLICATE_METHOD_MATCH = YES;
				COPY_PHASE_STRIP = YES;
				DEBUG_INFORMATION_FORMAT = "dwarf-with-dsym";
				ENABLE_NS_ASSERTIONS = NO;
				ENABLE_STRICT_OBJC_MSGSEND = YES;
				GCC_C_LANGUAGE_STANDARD = gnu99;
				GCC_WARN_64_TO_32_BIT_CONVERSION = YES;
				GCC_WARN_ABOUT_RETURN_TYPE = YES_ERROR;
				GCC_WARN_UNDECLARED_SELECTOR = YES;
				GCC_WARN_UNINITIALIZED_AUTOS = YES_AGGRESSIVE;
				GCC_WARN_UNUSED_FUNCTION = YES;
				GCC_WARN_UNUSED_VARIABLE = YES;
				MACOSX_DEPLOYMENT_TARGET = 10.9;
				MTL_ENABLE_DEBUG_INFO = NO;
				SDKROOT = macosx;
			};
			name = Release;
		};
		ACA4AF0B1A2D20930060A250 /* Debug */ = {
			isa = XCBuildConfiguration;
			buildSettings = {
				PRODUCT_NAME = "$(TARGET_NAME)";
			};
			name = Debug;
		};
		ACA4AF0C1A2D20930060A250 /* Release */ = {
			isa = XCBuildConfiguration;
			buildSettings = {
				PRODUCT_NAME = "$(TARGET_NAME)";
			};
			name = Release;
		};
/* End XCBuildConfiguration section */

/* Begin XCConfigurationList section */
		ACA4AEFE1A2D20930060A250 /* Build configuration list for PBXProject "exam3" */ = {
			isa = XCConfigurationList;
			buildConfigurations = (
				ACA4AF081A2D20930060A250 /* Debug */,
				ACA4AF091A2D20930060A250 /* Release */,
			);
			defaultConfigurationIsVisible = 0;
			defaultConfigurationName = Release;
		};
		ACA4AF0A1A2D20930060A250 /* Build configuration list for PBXNativeTarget "exam3" */ = {
			isa = XCConfigurationList;
			buildConfigurations = (
				ACA4AF0B1A2D20930060A250 /* Debug */,
				ACA4AF0C1A2D20930060A250 /* Release */,
			);
			defaultConfigurationIsVisible = 0;
		};
/* End XCConfigurationList section */
	};
	rootObject = ACA4AEFB1A2D20930060A250 /* Project object */;
}
